
Microsoft Visual Studio Solution File, Format Version 12.00
# Visual Studio Version 17
VisualStudioVersion = 17.11.35222.181
MinimumVisualStudioVersion = 10.0.40219.1
Project("{FAE04EC0-301F-11D3-BF4B-00C04F79EFBC}") = "Collections", "Collections\Collections.csproj", "{417725C9-3B06-460A-9126-D8F2E69F41E8}"
EndProject
Project("{FAE04EC0-301F-11D3-BF4B-00C04F79EFBC}") = "Task1", "Task1\Task1.csproj", "{71B458B6-854A-4C0E-B5D1-4AC858AB027F}"
EndProject
Project("{FAE04EC0-301F-11D3-BF4B-00C04F79EFBC}") = "Task2", "Task2\Task2.csproj", "{3DA24309-D1FB-402F-A9BE-7471DB1A7D7F}"
EndProject
Global
	GlobalSection(SolutionConfigurationPlatforms) = preSolution
		Debug|Any CPU = Debug|Any CPU
		Release|Any CPU = Release|Any CPU
	EndGlobalSection
	GlobalSection(ProjectConfigurationPlatforms) = postSolution
		{417725C9-3B06-460A-9126-D8F2E69F41E8}.Debug|Any CPU.ActiveCfg = Debug|Any CPU
		{417725C9-3B06-460A-9126-D8F2E69F41E8}.Debug|Any CPU.Build.0 = Debug|Any CPU
		{417725C9-3B06-460A-9126-D8F2E69F41E8}.Release|Any CPU.ActiveCfg = Release|Any CPU
		{417725C9-3B06-460A-9126-D8F2E69F41E8}.Release|Any CPU.Build.0 = Release|Any CPU
		{71B458B6-854A-4C0E-B5D1-4AC858AB027F}.Debug|Any CPU.ActiveCfg = Debug|Any CPU
		{71B458B6-854A-4C0E-B5D1-4AC858AB027F}.Debug|Any CPU.Build.0 = Debug|Any CPU
		{71B458B6-854A-4C0E-B5D1-4AC858AB027F}.Release|Any CPU.ActiveCfg = Release|Any CPU
		{71B458B6-854A-4C0E-B5D1-4AC858AB027F}.Release|Any CPU.Build.0 = Release|Any CPU
		{3DA24309-D1FB-402F-A9BE-7471DB1A7D7F}.Debug|Any CPU.ActiveCfg = Debug|Any CPU
		{3DA24309-D1FB-402F-A9BE-7471DB1A7D7F}.Debug|Any CPU.Build.0 = Debug|Any CPU
		{3DA24309-D1FB-402F-A9BE-7471DB1A7D7F}.Release|Any CPU.ActiveCfg = Release|Any CPU
		{3DA24309-D1FB-402F-A9BE-7471DB1A7D7F}.Release|Any CPU.Build.0 = Release|Any CPU
	EndGlobalSection
	GlobalSection(SolutionProperties) = preSolution
		HideSolutionNode = FALSE
	EndGlobalSection
	GlobalSection(ExtensibilityGlobals) = postSolution
		SolutionGuid = {1A566936-A330-497D-BDCE-89E7071E3CCB}
	EndGlobalSection
EndGlobal
